
Microsoft Visual Studio Solution File, Format Version 12.00
# Visual Studio Version 17
VisualStudioVersion = 17.13.35931.197 d17.13
MinimumVisualStudioVersion = 10.0.40219.1
Project("{FAE04EC0-301F-11D3-BF4B-00C04F79EFBC}") = "CapaDiseño", "CapaDiseño.csproj", "{AE71DFB1-B10A-408D-B51E-F45B3732443B}"
EndProject
Global
	GlobalSection(SolutionConfigurationPlatforms) = preSolution
		Debug|Any CPU = Debug|Any CPU
		Release|Any CPU = Release|Any CPU
	EndGlobalSection
	GlobalSection(ProjectConfigurationPlatforms) = postSolution
		{AE71DFB1-B10A-408D-B51E-F45B3732443B}.Debug|Any CPU.ActiveCfg = Debug|Any CPU
		{AE71DFB1-B10A-408D-B51E-F45B3732443B}.Debug|Any CPU.Build.0 = Debug|Any CPU
		{AE71DFB1-B10A-408D-B51E-F45B3732443B}.Release|Any CPU.ActiveCfg = Release|Any CPU
		{AE71DFB1-B10A-408D-B51E-F45B3732443B}.Release|Any CPU.Build.0 = Release|Any CPU
	EndGlobalSection
	GlobalSection(SolutionProperties) = preSolution
		HideSolutionNode = FALSE
	EndGlobalSection
	GlobalSection(ExtensibilityGlobals) = postSolution
		SolutionGuid = {91A3175E-BD1C-443B-A4F8-AB75FB97EB3A}
	EndGlobalSection
EndGlobal
